{
  "name": "starpoints",
  "lockfileVersion": 2,
  "requires": true,
  "packages": {
    "": {
      "dependencies": {
        "chart.js": "^4.0.1",
        "tailwind-scrollbar-hide": "^1.1.7"
      }
    },
    "node_modules/chart.js": {
      "version": "4.0.1",
      "resolved": "https://registry.npmjs.org/chart.js/-/chart.js-4.0.1.tgz",
      "integrity": "sha512-5/8/9eBivwBZK81mKvmIwTb2Pmw4D/5h1RK9fBWZLLZ8mCJ+kfYNmV9rMrGoa5Hgy2/wVDBMLSUDudul2/9ihA==",
      "engines": {
        "pnpm": "^7.0.0"
      }
    },
    "node_modules/tailwind-scrollbar-hide": {
      "version": "1.1.7",
      "resolved": "https://registry.npmjs.org/tailwind-scrollbar-hide/-/tailwind-scrollbar-hide-1.1.7.tgz",
      "integrity": "sha512-X324n9OtpTmOMqEgDUEA/RgLrNfBF/jwJdctaPZDzB3mppxJk7TLIDmOreEDm1Bq4R9LSPu4Epf8VSdovNU+iA==",
      "license": "MIT"
    }
  },
  "dependencies": {
    "chart.js": {
      "version": "4.0.1",
      "resolved": "https://registry.npmjs.org/chart.js/-/chart.js-4.0.1.tgz",
      "integrity": "sha512-5/8/9eBivwBZK81mKvmIwTb2Pmw4D/5h1RK9fBWZLLZ8mCJ+kfYNmV9rMrGoa5Hgy2/wVDBMLSUDudul2/9ihA=="
    },
    "tailwind-scrollbar-hide": {
      "version": "1.1.7",
      "resolved": "https://registry.npmjs.org/tailwind-scrollbar-hide/-/tailwind-scrollbar-hide-1.1.7.tgz",
      "integrity": "sha512-X324n9OtpTmOMqEgDUEA/RgLrNfBF/jwJdctaPZDzB3mppxJk7TLIDmOreEDm1Bq4R9LSPu4Epf8VSdovNU+iA=="
    }
  }
}
