# THIS IS AN AUTOGENERATED FILE. DO NOT EDIT THIS FILE DIRECTLY.
# yarn lockfile v1


tailwind-scrollbar-hide@^1.1.7:
  version "1.1.7"
  resolved "https://registry.yarnpkg.com/tailwind-scrollbar-hide/-/tailwind-scrollbar-hide-1.1.7.tgz#90b481fb2e204030e3919427416650c54f56f847"
  integrity sha512-X324n9OtpTmOMqEgDUEA/RgLrNfBF/jwJdctaPZDzB3mppxJk7TLIDmOreEDm1Bq4R9LSPu4Epf8VSdovNU+iA==
